
Microsoft Visual Studio Solution File, Format Version 12.00
# Visual Studio Version 16
VisualStudioVersion = 16.0.33927.289
MinimumVisualStudioVersion = 10.0.40219.1
Project("{8BC9CEB8-8B4A-11D0-8D11-00A0C91BC942}") = "Project2", "Project2\Project2.vcxproj", "{2EB4622A-D209-4BA1-A197-DDA8F7E215EA}"
EndProject
Global
	GlobalSection(SolutionConfigurationPlatforms) = preSolution
		Debug|x64 = Debug|x64
		Debug|x86 = Debug|x86
		Release|x64 = Release|x64
		Release|x86 = Release|x86
	EndGlobalSection
	GlobalSection(ProjectConfigurationPlatforms) = postSolution
		{2EB4622A-D209-4BA1-A197-DDA8F7E215EA}.Debug|x64.ActiveCfg = Debug|x64
		{2EB4622A-D209-4BA1-A197-DDA8F7E215EA}.Debug|x64.Build.0 = Debug|x64
		{2EB4622A-D209-4BA1-A197-DDA8F7E215EA}.Debug|x86.ActiveCfg = Debug|Win32
		{2EB4622A-D209-4BA1-A197-DDA8F7E215EA}.Debug|x86.Build.0 = Debug|Win32
		{2EB4622A-D209-4BA1-A197-DDA8F7E215EA}.Release|x64.ActiveCfg = Release|x64
		{2EB4622A-D209-4BA1-A197-DDA8F7E215EA}.Release|x64.Build.0 = Release|x64
		{2EB4622A-D209-4BA1-A197-DDA8F7E215EA}.Release|x86.ActiveCfg = Release|Win32
		{2EB4622A-D209-4BA1-A197-DDA8F7E215EA}.Release|x86.Build.0 = Release|Win32
	EndGlobalSection
	GlobalSection(SolutionProperties) = preSolution
		HideSolutionNode = FALSE
	EndGlobalSection
	GlobalSection(ExtensibilityGlobals) = postSolution
		SolutionGuid = {00107CD1-0483-4408-A8CF-7FD3970BEAFA}
	EndGlobalSection
EndGlobal
